
Microsoft Visual Studio Solution File, Format Version 12.00
# Visual Studio 2013
VisualStudioVersion = 12.0.30501.0
MinimumVisualStudioVersion = 10.0.40219.1
Project("{FAE04EC0-301F-11D3-BF4B-00C04F79EFBC}") = "WinGiicNet", "WinGiicNet\WinGiicNet.csproj", "{CF18D3C1-D294-43AD-BBC1-F75B6542860D}"
EndProject
Project("{FAE04EC0-301F-11D3-BF4B-00C04F79EFBC}") = "WinGiicNet.Helper", "WinGiicNet.Helper\WinGiicNet.Helper.csproj", "{769F15C9-C94E-4AEF-87A5-8BB2D6361577}"
EndProject
Global
	GlobalSection(SolutionConfigurationPlatforms) = preSolution
		Debug|Any CPU = Debug|Any CPU
		Release|Any CPU = Release|Any CPU
	EndGlobalSection
	GlobalSection(ProjectConfigurationPlatforms) = postSolution
		{CF18D3C1-D294-43AD-BBC1-F75B6542860D}.Debug|Any CPU.ActiveCfg = Debug|Any CPU
		{CF18D3C1-D294-43AD-BBC1-F75B6542860D}.Debug|Any CPU.Build.0 = Debug|Any CPU
		{CF18D3C1-D294-43AD-BBC1-F75B6542860D}.Release|Any CPU.ActiveCfg = Release|Any CPU
		{CF18D3C1-D294-43AD-BBC1-F75B6542860D}.Release|Any CPU.Build.0 = Release|Any CPU
		{769F15C9-C94E-4AEF-87A5-8BB2D6361577}.Debug|Any CPU.ActiveCfg = Debug|Any CPU
		{769F15C9-C94E-4AEF-87A5-8BB2D6361577}.Debug|Any CPU.Build.0 = Debug|Any CPU
		{769F15C9-C94E-4AEF-87A5-8BB2D6361577}.Release|Any CPU.ActiveCfg = Release|Any CPU
		{769F15C9-C94E-4AEF-87A5-8BB2D6361577}.Release|Any CPU.Build.0 = Release|Any CPU
	EndGlobalSection
	GlobalSection(SolutionProperties) = preSolution
		HideSolutionNode = FALSE
	EndGlobalSection
EndGlobal
